
Microsoft Visual Studio Solution File, Format Version 12.00
# Visual Studio 15
VisualStudioVersion = 15.0.26124.0
MinimumVisualStudioVersion = 15.0.26124.0
Project("{FAE04EC0-301F-11D3-BF4B-00C04F79EFBC}") = "R5T.Glenrothes.Base.Construction", "R5T.Glenrothes.Base.Construction\R5T.Glenrothes.Base.Construction.csproj", "{27507541-1EA5-4A69-BB24-83EE238AEB76}"
EndProject
Project("{FAE04EC0-301F-11D3-BF4B-00C04F79EFBC}") = "R5T.Glenrothes.Base", "R5T.Glenrothes.Base\R5T.Glenrothes.Base.csproj", "{17F8E345-EDFA-4B76-9154-E850152BC1EF}"
EndProject
Project("{2150E333-8FDC-42A3-9474-1A3956D46DE8}") = "_Dependencies", "_Dependencies", "{6EF52573-C58E-41D2-BC39-00D70EBC7213}"
EndProject
Project("{FAE04EC0-301F-11D3-BF4B-00C04F79EFBC}") = "R5T.T0064", "..\..\R5T.T0064\source\R5T.T0064\R5T.T0064.csproj", "{CC039903-EE16-4287-B0E4-CDA693E4B5EA}"
EndProject
Global
	GlobalSection(SolutionConfigurationPlatforms) = preSolution
		Debug|Any CPU = Debug|Any CPU
		Debug|x64 = Debug|x64
		Debug|x86 = Debug|x86
		Release|Any CPU = Release|Any CPU
		Release|x64 = Release|x64
		Release|x86 = Release|x86
	EndGlobalSection
	GlobalSection(SolutionProperties) = preSolution
		HideSolutionNode = FALSE
	EndGlobalSection
	GlobalSection(ProjectConfigurationPlatforms) = postSolution
		{27507541-1EA5-4A69-BB24-83EE238AEB76}.Debug|Any CPU.ActiveCfg = Debug|Any CPU
		{27507541-1EA5-4A69-BB24-83EE238AEB76}.Debug|Any CPU.Build.0 = Debug|Any CPU
		{27507541-1EA5-4A69-BB24-83EE238AEB76}.Debug|x64.ActiveCfg = Debug|Any CPU
		{27507541-1EA5-4A69-BB24-83EE238AEB76}.Debug|x64.Build.0 = Debug|Any CPU
		{27507541-1EA5-4A69-BB24-83EE238AEB76}.Debug|x86.ActiveCfg = Debug|Any CPU
		{27507541-1EA5-4A69-BB24-83EE238AEB76}.Debug|x86.Build.0 = Debug|Any CPU
		{27507541-1EA5-4A69-BB24-83EE238AEB76}.Release|Any CPU.ActiveCfg = Release|Any CPU
		{27507541-1EA5-4A69-BB24-83EE238AEB76}.Release|Any CPU.Build.0 = Release|Any CPU
		{27507541-1EA5-4A69-BB24-83EE238AEB76}.Release|x64.ActiveCfg = Release|Any CPU
		{27507541-1EA5-4A69-BB24-83EE238AEB76}.Release|x64.Build.0 = Release|Any CPU
		{27507541-1EA5-4A69-BB24-83EE238AEB76}.Release|x86.ActiveCfg = Release|Any CPU
		{27507541-1EA5-4A69-BB24-83EE238AEB76}.Release|x86.Build.0 = Release|Any CPU
		{17F8E345-EDFA-4B76-9154-E850152BC1EF}.Debug|Any CPU.ActiveCfg = Debug|Any CPU
		{17F8E345-EDFA-4B76-9154-E850152BC1EF}.Debug|Any CPU.Build.0 = Debug|Any CPU
		{17F8E345-EDFA-4B76-9154-E850152BC1EF}.Debug|x64.ActiveCfg = Debug|Any CPU
		{17F8E345-EDFA-4B76-9154-E850152BC1EF}.Debug|x64.Build.0 = Debug|Any CPU
		{17F8E345-EDFA-4B76-9154-E850152BC1EF}.Debug|x86.ActiveCfg = Debug|Any CPU
		{17F8E345-EDFA-4B76-9154-E850152BC1EF}.Debug|x86.Build.0 = Debug|Any CPU
		{17F8E345-EDFA-4B76-9154-E850152BC1EF}.Release|Any CPU.ActiveCfg = Release|Any CPU
		{17F8E345-EDFA-4B76-9154-E850152BC1EF}.Release|Any CPU.Build.0 = Release|Any CPU
		{17F8E345-EDFA-4B76-9154-E850152BC1EF}.Release|x64.ActiveCfg = Release|Any CPU
		{17F8E345-EDFA-4B76-9154-E850152BC1EF}.Release|x64.Build.0 = Release|Any CPU
		{17F8E345-EDFA-4B76-9154-E850152BC1EF}.Release|x86.ActiveCfg = Release|Any CPU
		{17F8E345-EDFA-4B76-9154-E850152BC1EF}.Release|x86.Build.0 = Release|Any CPU
		{CC039903-EE16-4287-B0E4-CDA693E4B5EA}.Debug|Any CPU.ActiveCfg = Debug|Any CPU
		{CC039903-EE16-4287-B0E4-CDA693E4B5EA}.Debug|Any CPU.Build.0 = Debug|Any CPU
		{CC039903-EE16-4287-B0E4-CDA693E4B5EA}.Debug|x64.ActiveCfg = Debug|Any CPU
		{CC039903-EE16-4287-B0E4-CDA693E4B5EA}.Debug|x64.Build.0 = Debug|Any CPU
		{CC039903-EE16-4287-B0E4-CDA693E4B5EA}.Debug|x86.ActiveCfg = Debug|Any CPU
		{CC039903-EE16-4287-B0E4-CDA693E4B5EA}.Debug|x86.Build.0 = Debug|Any CPU
		{CC039903-EE16-4287-B0E4-CDA693E4B5EA}.Release|Any CPU.ActiveCfg = Release|Any CPU
		{CC039903-EE16-4287-B0E4-CDA693E4B5EA}.Release|Any CPU.Build.0 = Release|Any CPU
		{CC039903-EE16-4287-B0E4-CDA693E4B5EA}.Release|x64.ActiveCfg = Release|Any CPU
		{CC039903-EE16-4287-B0E4-CDA693E4B5EA}.Release|x64.Build.0 = Release|Any CPU
		{CC039903-EE16-4287-B0E4-CDA693E4B5EA}.Release|x86.ActiveCfg = Release|Any CPU
		{CC039903-EE16-4287-B0E4-CDA693E4B5EA}.Release|x86.Build.0 = Release|Any CPU
	EndGlobalSection
	GlobalSection(NestedProjects) = preSolution
		{CC039903-EE16-4287-B0E4-CDA693E4B5EA} = {6EF52573-C58E-41D2-BC39-00D70EBC7213}
	EndGlobalSection
EndGlobal
